<?xml version="1.0" encoding="utf-8"?>
<Project ToolsVersion="4.0" xmlns="http://schemas.microsoft.com/developer/msbuild/2003">
  <ItemGroup>
    <Filter Include="Source Files">
      <UniqueIdentifier>{4FC737F1-C7A5-4376-A066-2A32D752A2FF}</UniqueIdentifier>
      <Extensions>cpp;c;cc;cxx;c++;cppm;ixx;def;odl;idl;hpj;bat;asm;asmx</Extensions>
    </Filter>
    <Filter Include="Resource Files">
      <UniqueIdentifier>{67DA6AB6-F800-4c08-8B7A-83BB121AAD01}</UniqueIdentifier>
      <Extensions>rc;ico;cur;bmp;dlg;rc2;rct;bin;rgs;gif;jpg;jpeg;jpe;resx;tiff;tif;png;wav;mfcribbon-ms</Extensions>
    </Filter>
    <Filter Include="Controllers">
      <UniqueIdentifier>{f18f26c3-7b05-4070-a7c6-7c6bbdbd51d7}</UniqueIdentifier>
    </Filter>
    <Filter Include="Headers">
      <UniqueIdentifier>{93995380-89BD-4b04-88EB-625FBE52EBFB}</UniqueIdentifier>
      <Extensions>h;hh;hpp;hxx;h++;hm;inl;inc;ipp;xsd</Extensions>
    </Filter>
    <Filter Include="View Files">
      <UniqueIdentifier>{7c5f1400-b595-44c2-955e-f0e763662a85}</UniqueIdentifier>
    </Filter>
  </ItemGroup>
  <ItemGroup>
    <ClCompile Include="magazin-online.cpp">
      <Filter>Source Files</Filter>
    </ClCompile>
  </ItemGroup>
  <ItemGroup>
    <ClInclude Include="product.h">
      <Filter>Headers</Filter>
    </ClInclude>
    <ClInclude Include="user.h">
      <Filter>Headers</Filter>
    </ClInclude>
    <ClInclude Include="category.h">
      <Filter>Headers</Filter>
    </ClInclude>
    <ClInclude Include="product-category.h">
      <Filter>Headers</Filter>
    </ClInclude>
    <ClInclude Include="controller-product-category.h">
      <Filter>Controllers</Filter>
    </ClInclude>
    <ClInclude Include="controller-products.h">
      <Filter>Controllers</Filter>
    </ClInclude>
    <ClInclude Include="controller-categories.h">
      <Filter>Controllers</Filter>
    </ClInclude>
    <ClInclude Include="order.h">
      <Filter>Headers</Filter>
    </ClInclude>
    <ClInclude Include="order-details.h">
      <Filter>Headers</Filter>
    </ClInclude>
    <ClInclude Include="options.h">
      <Filter>Headers</Filter>
    </ClInclude>
    <ClInclude Include="controller-orders.h">
      <Filter>Controllers</Filter>
    </ClInclude>
    <ClInclude Include="controller-users.h">
      <Filter>Controllers</Filter>
    </ClInclude>
    <ClInclude Include="controller-order-details.h">
      <Filter>Controllers</Filter>
    </ClInclude>
    <ClInclude Include="view-client.h">
      <Filter>View Files</Filter>
    </ClInclude>
    <ClInclude Include="view-manager.h">
      <Filter>View Files</Filter>
    </ClInclude>
    <ClInclude Include="view-login.h">
      <Filter>View Files</Filter>
    </ClInclude>
  </ItemGroup>
  <ItemGroup>
    <Text Include="produse.txt">
      <Filter>Resource Files</Filter>
    </Text>
    <Text Include="categori.txt">
      <Filter>Resource Files</Filter>
    </Text>
    <Text Include="users.txt">
      <Filter>Resource Files</Filter>
    </Text>
    <Text Include="orders.txt">
      <Filter>Resource Files</Filter>
    </Text>
    <Text Include="orderdetails.txt">
      <Filter>Resource Files</Filter>
    </Text>
  </ItemGroup>
</Project>